
Microsoft Visual Studio Solution File, Format Version 12.00
# Visual Studio Version 17
VisualStudioVersion = 17.0.31903.59
MinimumVisualStudioVersion = 10.0.40219.1
Project("{FAE04EC0-301F-11D3-BF4B-00C04F79EFBC}") = "IssueTracker.API", "IssueTracker.API\IssueTracker.API.csproj", "{C956A493-BE1D-455A-8CC6-CEACDC1CDD4A}"
EndProject
Project("{FAE04EC0-301F-11D3-BF4B-00C04F79EFBC}") = "IssueTracker.Core", "IssueTracker.Core\IssueTracker.Core.csproj", "{15A71F79-5919-47AF-B78E-2DB4567D4E1D}"
EndProject
Project("{FAE04EC0-301F-11D3-BF4B-00C04F79EFBC}") = "IssueTracker.Infrastructure", "IssueTracker.Infrastructure\IssueTracker.Infrastructure.csproj", "{CA22CACB-3AF5-45FA-844B-B7057B9BEE10}"
EndProject
Global
	GlobalSection(SolutionConfigurationPlatforms) = preSolution
		Debug|Any CPU = Debug|Any CPU
		Release|Any CPU = Release|Any CPU
	EndGlobalSection
	GlobalSection(ProjectConfigurationPlatforms) = postSolution
		{C956A493-BE1D-455A-8CC6-CEACDC1CDD4A}.Debug|Any CPU.ActiveCfg = Debug|Any CPU
		{C956A493-BE1D-455A-8CC6-CEACDC1CDD4A}.Debug|Any CPU.Build.0 = Debug|Any CPU
		{C956A493-BE1D-455A-8CC6-CEACDC1CDD4A}.Release|Any CPU.ActiveCfg = Release|Any CPU
		{C956A493-BE1D-455A-8CC6-CEACDC1CDD4A}.Release|Any CPU.Build.0 = Release|Any CPU
		{15A71F79-5919-47AF-B78E-2DB4567D4E1D}.Debug|Any CPU.ActiveCfg = Debug|Any CPU
		{15A71F79-5919-47AF-B78E-2DB4567D4E1D}.Debug|Any CPU.Build.0 = Debug|Any CPU
		{15A71F79-5919-47AF-B78E-2DB4567D4E1D}.Release|Any CPU.ActiveCfg = Release|Any CPU
		{15A71F79-5919-47AF-B78E-2DB4567D4E1D}.Release|Any CPU.Build.0 = Release|Any CPU
		{CA22CACB-3AF5-45FA-844B-B7057B9BEE10}.Debug|Any CPU.ActiveCfg = Debug|Any CPU
		{CA22CACB-3AF5-45FA-844B-B7057B9BEE10}.Debug|Any CPU.Build.0 = Debug|Any CPU
		{CA22CACB-3AF5-45FA-844B-B7057B9BEE10}.Release|Any CPU.ActiveCfg = Release|Any CPU
		{CA22CACB-3AF5-45FA-844B-B7057B9BEE10}.Release|Any CPU.Build.0 = Release|Any CPU
	EndGlobalSection
	GlobalSection(SolutionProperties) = preSolution
		HideSolutionNode = FALSE
	EndGlobalSection
	GlobalSection(ExtensibilityGlobals) = postSolution
		SolutionGuid = {76783DDD-A56D-409E-932D-E7C872C55A73}
	EndGlobalSection
EndGlobal
